
Microsoft Visual Studio Solution File, Format Version 12.00
# Visual Studio Version 17
VisualStudioVersion = 17.2.32516.85
MinimumVisualStudioVersion = 10.0.40219.1
Project("{FAE04EC0-301F-11D3-BF4B-00C04F79EFBC}") = "core", "core\core.csproj", "{CBF260AB-B27A-4DE2-A4F2-81A106346931}"
EndProject
Global
	GlobalSection(SolutionConfigurationPlatforms) = preSolution
		Debug|Any CPU = Debug|Any CPU
		Release|Any CPU = Release|Any CPU
	EndGlobalSection
	GlobalSection(ProjectConfigurationPlatforms) = postSolution
		{CBF260AB-B27A-4DE2-A4F2-81A106346931}.Debug|Any CPU.ActiveCfg = Debug|Any CPU
		{CBF260AB-B27A-4DE2-A4F2-81A106346931}.Debug|Any CPU.Build.0 = Debug|Any CPU
		{CBF260AB-B27A-4DE2-A4F2-81A106346931}.Release|Any CPU.ActiveCfg = Release|Any CPU
		{CBF260AB-B27A-4DE2-A4F2-81A106346931}.Release|Any CPU.Build.0 = Release|Any CPU
	EndGlobalSection
	GlobalSection(SolutionProperties) = preSolution
		HideSolutionNode = FALSE
	EndGlobalSection
	GlobalSection(ExtensibilityGlobals) = postSolution
		SolutionGuid = {8A593B1C-11FB-4F12-87E9-9DE66D6D4723}
	EndGlobalSection
EndGlobal
